
Microsoft Visual Studio Solution File, Format Version 12.00
# Visual Studio Version 17
VisualStudioVersion = 17.11.35222.181
MinimumVisualStudioVersion = 10.0.40219.1
Project("{9A19103F-16F7-4668-BE54-9A1E7A4F7556}") = "AgileTeamFour.UI", "AgileTeamFour.UI\AgileTeamFour.UI.csproj", "{576627DE-1522-4C95-831C-40B660DB2CF5}"
EndProject
Project("{9A19103F-16F7-4668-BE54-9A1E7A4F7556}") = "AgileTeamFour.BL", "AgileTeamFour.BL\AgileTeamFour.BL.csproj", "{82CBEB27-EAD8-4242-8DD7-00C99EF43CDE}"
EndProject
Project("{9A19103F-16F7-4668-BE54-9A1E7A4F7556}") = "AgileTeamFour.PL", "AgileTeamFour.PL\AgileTeamFour.PL.csproj", "{8383590D-3C2B-4BA1-93F7-827D0EA61F95}"
EndProject
Project("{9A19103F-16F7-4668-BE54-9A1E7A4F7556}") = "AgileTeamFour.BL.Models", "AgileTeamFour.BL.Models\AgileTeamFour.BL.Models.csproj", "{29DEF9A7-D66C-4844-A48C-22526AB669A3}"
EndProject
Project("{9A19103F-16F7-4668-BE54-9A1E7A4F7556}") = "AgileTeamFour.BL.Tests", "AgileTeamFour.BL.Tests\AgileTeamFour.BL.Tests.csproj", "{1B2F5A94-F92C-4619-A89B-4507D07DE214}"
EndProject
Project("{9A19103F-16F7-4668-BE54-9A1E7A4F7556}") = "AgileTeamFour.PL.Tests", "AgileTeamFour.PL.Tests\AgileTeamFour.PL.Tests.csproj", "{6C158E3F-1ABB-43EC-8D5E-7212EE1DF4B6}"
EndProject
Project("{00D1A9C2-B5F0-4AF3-8072-F6C62B433612}") = "AgileTeamFour.DB", "AgileTeamFour.DB\AgileTeamFour.DB.sqlproj", "{F3ABF0AC-19F6-4EC1-BC26-7C24BFA41ACA}"
EndProject
Project("{2150E333-8FDC-42A3-9474-1A3956D46DE8}") = "Solution Items", "Solution Items", "{DE92B329-5679-4352-8A43-EFC97A0A79EC}"
	ProjectSection(SolutionItems) = preProject
		TextFile1.txt = TextFile1.txt
	EndProjectSection
EndProject
Global
	GlobalSection(SolutionConfigurationPlatforms) = preSolution
		Debug|Any CPU = Debug|Any CPU
		Release|Any CPU = Release|Any CPU
	EndGlobalSection
	GlobalSection(ProjectConfigurationPlatforms) = postSolution
		{576627DE-1522-4C95-831C-40B660DB2CF5}.Debug|Any CPU.ActiveCfg = Debug|Any CPU
		{576627DE-1522-4C95-831C-40B660DB2CF5}.Debug|Any CPU.Build.0 = Debug|Any CPU
		{576627DE-1522-4C95-831C-40B660DB2CF5}.Release|Any CPU.ActiveCfg = Release|Any CPU
		{576627DE-1522-4C95-831C-40B660DB2CF5}.Release|Any CPU.Build.0 = Release|Any CPU
		{82CBEB27-EAD8-4242-8DD7-00C99EF43CDE}.Debug|Any CPU.ActiveCfg = Debug|Any CPU
		{82CBEB27-EAD8-4242-8DD7-00C99EF43CDE}.Debug|Any CPU.Build.0 = Debug|Any CPU
		{82CBEB27-EAD8-4242-8DD7-00C99EF43CDE}.Release|Any CPU.ActiveCfg = Release|Any CPU
		{82CBEB27-EAD8-4242-8DD7-00C99EF43CDE}.Release|Any CPU.Build.0 = Release|Any CPU
		{8383590D-3C2B-4BA1-93F7-827D0EA61F95}.Debug|Any CPU.ActiveCfg = Debug|Any CPU
		{8383590D-3C2B-4BA1-93F7-827D0EA61F95}.Debug|Any CPU.Build.0 = Debug|Any CPU
		{8383590D-3C2B-4BA1-93F7-827D0EA61F95}.Release|Any CPU.ActiveCfg = Release|Any CPU
		{8383590D-3C2B-4BA1-93F7-827D0EA61F95}.Release|Any CPU.Build.0 = Release|Any CPU
		{29DEF9A7-D66C-4844-A48C-22526AB669A3}.Debug|Any CPU.ActiveCfg = Debug|Any CPU
		{29DEF9A7-D66C-4844-A48C-22526AB669A3}.Debug|Any CPU.Build.0 = Debug|Any CPU
		{29DEF9A7-D66C-4844-A48C-22526AB669A3}.Release|Any CPU.ActiveCfg = Release|Any CPU
		{29DEF9A7-D66C-4844-A48C-22526AB669A3}.Release|Any CPU.Build.0 = Release|Any CPU
		{1B2F5A94-F92C-4619-A89B-4507D07DE214}.Debug|Any CPU.ActiveCfg = Debug|Any CPU
		{1B2F5A94-F92C-4619-A89B-4507D07DE214}.Debug|Any CPU.Build.0 = Debug|Any CPU
		{1B2F5A94-F92C-4619-A89B-4507D07DE214}.Release|Any CPU.ActiveCfg = Release|Any CPU
		{1B2F5A94-F92C-4619-A89B-4507D07DE214}.Release|Any CPU.Build.0 = Release|Any CPU
		{6C158E3F-1ABB-43EC-8D5E-7212EE1DF4B6}.Debug|Any CPU.ActiveCfg = Debug|Any CPU
		{6C158E3F-1ABB-43EC-8D5E-7212EE1DF4B6}.Debug|Any CPU.Build.0 = Debug|Any CPU
		{6C158E3F-1ABB-43EC-8D5E-7212EE1DF4B6}.Release|Any CPU.ActiveCfg = Release|Any CPU
		{6C158E3F-1ABB-43EC-8D5E-7212EE1DF4B6}.Release|Any CPU.Build.0 = Release|Any CPU
		{F3ABF0AC-19F6-4EC1-BC26-7C24BFA41ACA}.Debug|Any CPU.ActiveCfg = Debug|Any CPU
		{F3ABF0AC-19F6-4EC1-BC26-7C24BFA41ACA}.Debug|Any CPU.Build.0 = Debug|Any CPU
		{F3ABF0AC-19F6-4EC1-BC26-7C24BFA41ACA}.Debug|Any CPU.Deploy.0 = Debug|Any CPU
		{F3ABF0AC-19F6-4EC1-BC26-7C24BFA41ACA}.Release|Any CPU.ActiveCfg = Release|Any CPU
		{F3ABF0AC-19F6-4EC1-BC26-7C24BFA41ACA}.Release|Any CPU.Build.0 = Release|Any CPU
		{F3ABF0AC-19F6-4EC1-BC26-7C24BFA41ACA}.Release|Any CPU.Deploy.0 = Release|Any CPU
	EndGlobalSection
	GlobalSection(SolutionProperties) = preSolution
		HideSolutionNode = FALSE
	EndGlobalSection
	GlobalSection(ExtensibilityGlobals) = postSolution
		SolutionGuid = {B4882CFB-FE13-44EC-A23B-76BA69B31960}
	EndGlobalSection
EndGlobal
